
Microsoft Visual Studio Solution File, Format Version 12.00
# Visual Studio 2013
VisualStudioVersion = 12.0.31101.0
MinimumVisualStudioVersion = 10.0.40219.1
Project("{FAE04EC0-301F-11D3-BF4B-00C04F79EFBC}") = "PD.Tools", "PD.Tools.csproj", "{38C94DFB-2251-498F-B013-F77FD5025AF7}"
EndProject
Global
	GlobalSection(SolutionConfigurationPlatforms) = preSolution
		CD_ROM|x86 = CD_ROM|x86
		Debug|x86 = Debug|x86
		DVD-5|x86 = DVD-5|x86
		Release|x86 = Release|x86
		SingleImage|x86 = SingleImage|x86
	EndGlobalSection
	GlobalSection(ProjectConfigurationPlatforms) = postSolution
		{38C94DFB-2251-498F-B013-F77FD5025AF7}.CD_ROM|x86.ActiveCfg = Release|x86
		{38C94DFB-2251-498F-B013-F77FD5025AF7}.CD_ROM|x86.Build.0 = Release|x86
		{38C94DFB-2251-498F-B013-F77FD5025AF7}.Debug|x86.ActiveCfg = Debug|x86
		{38C94DFB-2251-498F-B013-F77FD5025AF7}.Debug|x86.Build.0 = Debug|x86
		{38C94DFB-2251-498F-B013-F77FD5025AF7}.DVD-5|x86.ActiveCfg = Debug|x86
		{38C94DFB-2251-498F-B013-F77FD5025AF7}.DVD-5|x86.Build.0 = Debug|x86
		{38C94DFB-2251-498F-B013-F77FD5025AF7}.Release|x86.ActiveCfg = Release|x86
		{38C94DFB-2251-498F-B013-F77FD5025AF7}.Release|x86.Build.0 = Release|x86
		{38C94DFB-2251-498F-B013-F77FD5025AF7}.SingleImage|x86.ActiveCfg = Release|x86
		{38C94DFB-2251-498F-B013-F77FD5025AF7}.SingleImage|x86.Build.0 = Release|x86
	EndGlobalSection
	GlobalSection(SolutionProperties) = preSolution
		HideSolutionNode = FALSE
	EndGlobalSection
EndGlobal
